
Microsoft Visual Studio Solution File, Format Version 12.00
Project("{FAE04EC0-301F-11D3-BF4B-00C04F79EFBC}") = "cache-test", "cache-test\cache-test.csproj", "{F887AFC4-49E8-4D79-B95C-D0A224E0357B}"
EndProject
Global
	GlobalSection(SolutionConfigurationPlatforms) = preSolution
		Debug|Any CPU = Debug|Any CPU
		Release|Any CPU = Release|Any CPU
	EndGlobalSection
	GlobalSection(ProjectConfigurationPlatforms) = postSolution
		{F887AFC4-49E8-4D79-B95C-D0A224E0357B}.Debug|Any CPU.ActiveCfg = Debug|Any CPU
		{F887AFC4-49E8-4D79-B95C-D0A224E0357B}.Debug|Any CPU.Build.0 = Debug|Any CPU
		{F887AFC4-49E8-4D79-B95C-D0A224E0357B}.Release|Any CPU.ActiveCfg = Release|Any CPU
		{F887AFC4-49E8-4D79-B95C-D0A224E0357B}.Release|Any CPU.Build.0 = Release|Any CPU
	EndGlobalSection
EndGlobal
